
Microsoft Visual Studio Solution File, Format Version 12.00
# Visual Studio 2012
Project("{FAE04EC0-301F-11D3-BF4B-00C04F79EFBC}") = "QMobile", "QMobile\QMobile.csproj", "{6AEFEE8F-EE60-4EE5-903C-07D557EA9FAE}"
EndProject
Global
	GlobalSection(SolutionConfigurationPlatforms) = preSolution
		Debug|iPhoneSimulator = Debug|iPhoneSimulator
		Release|iPhoneSimulator = Release|iPhoneSimulator
		Debug|iPhone = Debug|iPhone
		Release|iPhone = Release|iPhone
		Ad-Hoc|iPhone = Ad-Hoc|iPhone
		AppStore|iPhone = AppStore|iPhone
	EndGlobalSection
	GlobalSection(ProjectConfigurationPlatforms) = postSolution
		{6AEFEE8F-EE60-4EE5-903C-07D557EA9FAE}.Ad-Hoc|iPhone.ActiveCfg = Ad-Hoc|iPhone
		{6AEFEE8F-EE60-4EE5-903C-07D557EA9FAE}.Ad-Hoc|iPhone.Build.0 = Ad-Hoc|iPhone
		{6AEFEE8F-EE60-4EE5-903C-07D557EA9FAE}.AppStore|iPhone.ActiveCfg = AppStore|iPhone
		{6AEFEE8F-EE60-4EE5-903C-07D557EA9FAE}.AppStore|iPhone.Build.0 = AppStore|iPhone
		{6AEFEE8F-EE60-4EE5-903C-07D557EA9FAE}.Debug|iPhone.ActiveCfg = Debug|iPhone
		{6AEFEE8F-EE60-4EE5-903C-07D557EA9FAE}.Debug|iPhone.Build.0 = Debug|iPhone
		{6AEFEE8F-EE60-4EE5-903C-07D557EA9FAE}.Debug|iPhoneSimulator.ActiveCfg = Debug|iPhoneSimulator
		{6AEFEE8F-EE60-4EE5-903C-07D557EA9FAE}.Debug|iPhoneSimulator.Build.0 = Debug|iPhoneSimulator
		{6AEFEE8F-EE60-4EE5-903C-07D557EA9FAE}.Release|iPhone.ActiveCfg = Release|iPhone
		{6AEFEE8F-EE60-4EE5-903C-07D557EA9FAE}.Release|iPhone.Build.0 = Release|iPhone
		{6AEFEE8F-EE60-4EE5-903C-07D557EA9FAE}.Release|iPhoneSimulator.ActiveCfg = Release|iPhoneSimulator
		{6AEFEE8F-EE60-4EE5-903C-07D557EA9FAE}.Release|iPhoneSimulator.Build.0 = Release|iPhoneSimulator
	EndGlobalSection
EndGlobal
